// !$*UTF8*$!
{
	archiveVersion = 1;
	classes = {
	};
	objectVersion = 46;
	objects = {

/* Begin PBXBuildFile section */
		99B96EB21C2A29810050A93D /* main.m in Sources */ = {isa = PBXBuildFile; fileRef = 99B96EB11C2A29810050A93D /* main.m */; };
		99B96EB51C2A29810050A93D /* AppDelegate.m in Sources */ = {isa = PBXBuildFile; fileRef = 99B96EB41C2A29810050A93D /* AppDelegate.m */; };
		99B96EB81C2A29810050A93D /* ViewController.m in Sources */ = {isa = PBXBuildFile; fileRef = 99B96EB71C2A29810050A93D /* ViewController.m */; };
		99B96EBB1C2A29810050A93D /* Main.storyboard in Resources */ = {isa = PBXBuildFile; fileRef = 99B96EB91C2A29810050A93D /* Main.storyboard */; };
		99B96EBD1C2A29810050A93D /* Assets.xcassets in Resources */ = {isa = PBXBuildFile; fileRef = 99B96EBC1C2A29810050A93D /* Assets.xcassets */; };
		99B96EC01C2A29810050A93D /* LaunchScreen.storyboard in Resources */ = {isa = PBXBuildFile; fileRef = 99B96EBE1C2A29810050A93D /* LaunchScreen.storyboard */; };
		99B96ECB1C2A29810050A93D /* TableView03Tests.m in Sources */ = {isa = PBXBuildFile; fileRef = 99B96ECA1C2A29810050A93D /* TableView03Tests.m */; };
		99B96ED61C2A29810050A93D /* TableView03UITests.m in Sources */ = {isa = PBXBuildFile; fileRef = 99B96ED51C2A29810050A93D /* TableView03UITests.m */; };
		99B96EE41C2A2DFF0050A93D /* 2.jpg in Resources */ = {isa = PBXBuildFile; fileRef = 99B96EE31C2A2DFF0050A93D /* 2.jpg */; };
		99B96EE61C2A2ECD0050A93D /* 3.jpg in Resources */ = {isa = PBXBuildFile; fileRef = 99B96EE51C2A2ECD0050A93D /* 3.jpg */; };
/* End PBXBuildFile section */

/* Begin PBXContainerItemProxy section */
		99B96EC71C2A29810050A93D /* PBXContainerItemProxy */ = {
			isa = PBXContainerItemProxy;
			containerPortal = 99B96EA51C2A29810050A93D /* Project object */;
			proxyType = 1;
			remoteGlobalIDString = 99B96EAC1C2A29810050A93D;
			remoteInfo = TableView03;
		};
		99B96ED21C2A29810050A93D /* PBXContainerItemProxy */ = {
			isa = PBXContainerItemProxy;
			containerPortal = 99B96EA51C2A29810050A93D /* Project object */;
			proxyType = 1;
			remoteGlobalIDString = 99B96EAC1C2A29810050A93D;
			remoteInfo = TableView03;
		};
/* End PBXContainerItemProxy section */

/* Begin PBXFileReference section */
		99B96EAD1C2A29810050A93D /* TableView03.app */ = {isa = PBXFileReference; explicitFileType = wrapper.application; includeInIndex = 0; path = TableView03.app; sourceTree = BUILT_PRODUCTS_DIR; };
		99B96EB11C2A29810050A93D /* main.m */ = {isa = PBXFileReference; lastKnownFileType = sourcecode.c.objc; path = main.m; sourceTree = "<group>"; };
		99B96EB31C2A29810050A93D /* AppDelegate.h */ = {isa = PBXFileReference; lastKnownFileType = sourcecode.c.h; path = AppDelegate.h; sourceTree = "<group>"; };
		99B96EB41C2A29810050A93D /* AppDelegate.m */ = {isa = PBXFileReference; lastKnownFileType = sourcecode.c.objc; path = AppDelegate.m; sourceTree = "<group>"; };
		99B96EB61C2A29810050A93D /* ViewController.h */ = {isa = PBXFileReference; lastKnownFileType = sourcecode.c.h; path = ViewController.h; sourceTree = "<group>"; };
		99B96EB71C2A29810050A93D /* ViewController.m */ = {isa = PBXFileReference; lastKnownFileType = sourcecode.c.objc; path = ViewController.m; sourceTree = "<group>"; };
		99B96EBA1C2A29810050A93D /* Base */ = {isa = PBXFileReference; lastKnownFileType = file.storyboard; name = Base; path = Base.lproj/Main.storyboard; sourceTree = "<group>"; };
		99B96EBC1C2A29810050A93D /* Assets.xcassets */ = {isa = PBXFileReference; lastKnownFileType = folder.assetcatalog; path = Assets.xcassets; sourceTree = "<group>"; };
		99B96EBF1C2A29810050A93D /* Base */ = {isa = PBXFileReference; lastKnownFileType = file.storyboard; name = Base; path = Base.lproj/LaunchScreen.storyboard; sourceTree = "<group>"; };
		99B96EC11C2A29810050A93D /* Info.plist */ = {isa = PBXFileReference; lastKnownFileType = text.plist.xml; path = Info.plist; sourceTree = "<group>"; };
		99B96EC61C2A29810050A93D /* TableView03Tests.xctest */ = {isa = PBXFileReference; explicitFileType = wrapper.cfbundle; includeInIndex = 0; path = TableView03Tests.xctest; sourceTree = BUILT_PRODUCTS_DIR; };
		99B96ECA1C2A29810050A93D /* TableView03Tests.m */ = {isa = PBXFileReference; lastKnownFileType = sourcecode.c.objc; path = TableView03Tests.m; sourceTree = "<group>"; };
		99B96ECC1C2A29810050A93D /* Info.plist */ = {isa = PBXFileReference; lastKnownFileType = text.plist.xml; path = Info.plist; sourceTree = "<group>"; };
		99B96ED11C2A29810050A93D /* TableView03UITests.xctest */ = {isa = PBXFileReference; explicitFileType = wrapper.cfbundle; includeInIndex = 0; path = TableView03UITests.xctest; sourceTree = BUILT_PRODUCTS_DIR; };
		99B96ED51C2A29810050A93D /* TableView03UITests.m */ = {isa = PBXFileReference; lastKnownFileType = sourcecode.c.objc; path = TableView03UITests.m; sourceTree = "<group>"; };
		99B96ED71C2A29810050A93D /* Info.plist */ = {isa = PBXFileReference; lastKnownFileType = text.plist.xml; path = Info.plist; sourceTree = "<group>"; };
		99B96EE31C2A2DFF0050A93D /* 2.jpg */ = {isa = PBXFileReference; lastKnownFileType = image.jpeg; path = 2.jpg; sourceTree = "<group>"; };
		99B96EE51C2A2ECD0050A93D /* 3.jpg */ = {isa = PBXFileReference; lastKnownFileType = image.jpeg; path = 3.jpg; sourceTree = "<group>"; };
/* End PBXFileReference section */

/* Begin PBXFrameworksBuildPhase section */
		99B96EAA1C2A29810050A93D /* Frameworks */ = {
			isa = PBXFrameworksBuildPhase;
			buildActionMask = 2147483647;
			files = (
			);
			runOnlyForDeploymentPostprocessing = 0;
		};
		99B96EC31C2A29810050A93D /* Frameworks */ = {
			isa = PBXFrameworksBuildPhase;
			buildActionMask = 2147483647;
			files = (
			);
			runOnlyForDeploymentPostprocessing = 0;
		};
		99B96ECE1C2A29810050A93D /* Frameworks */ = {
			isa = PBXFrameworksBuildPhase;
			buildActionMask = 2147483647;
			files = (
			);
			runOnlyForDeploymentPostprocessing = 0;
		};
/* End PBXFrameworksBuildPhase section */

/* Begin PBXGroup section */
		99B96EA41C2A29810050A93D = {
			isa = PBXGroup;
			children = (
				99B96EE51C2A2ECD0050A93D /* 3.jpg */,
				99B96EAF1C2A29810050A93D /* TableView03 */,
				99B96EC91C2A29810050A93D /* TableView03Tests */,
				99B96ED41C2A29810050A93D /* TableView03UITests */,
				99B96EAE1C2A29810050A93D /* Products */,
			);
			sourceTree = "<group>";
		};
		99B96EAE1C2A29810050A93D /* Products */ = {
			isa = PBXGroup;
			children = (
				99B96EAD1C2A29810050A93D /* TableView03.app */,
				99B96EC61C2A29810050A93D /* TableView03Tests.xctest */,
				99B96ED11C2A29810050A93D /* TableView03UITests.xctest */,
			);
			name = Products;
			sourceTree = "<group>";
		};
		99B96EAF1C2A29810050A93D /* TableView03 */ = {
			isa = PBXGroup;
			children = (
				99B96EE31C2A2DFF0050A93D /* 2.jpg */,
				99B96EB31C2A29810050A93D /* AppDelegate.h */,
				99B96EB41C2A29810050A93D /* AppDelegate.m */,
				99B96EB61C2A29810050A93D /* ViewController.h */,
				99B96EB71C2A29810050A93D /* ViewController.m */,
				99B96EB91C2A29810050A93D /* Main.storyboard */,
				99B96EBC1C2A29810050A93D /* Assets.xcassets */,
				99B96EBE1C2A29810050A93D /* LaunchScreen.storyboard */,
				99B96EC11C2A29810050A93D /* Info.plist */,
				99B96EB01C2A29810050A93D /* Supporting Files */,
			);
			path = TableView03;
			sourceTree = "<group>";
		};
		99B96EB01C2A29810050A93D /* Supporting Files */ = {
			isa = PBXGroup;
			children = (
				99B96EB11C2A29810050A93D /* main.m */,
			);
			name = "Supporting Files";
			sourceTree = "<group>";
		};
		99B96EC91C2A29810050A93D /* TableView03Tests */ = {
			isa = PBXGroup;
			children = (
				99B96ECA1C2A29810050A93D /* TableView03Tests.m */,
				99B96ECC1C2A29810050A93D /* Info.plist */,
			);
			path = TableView03Tests;
			sourceTree = "<group>";
		};
		99B96ED41C2A29810050A93D /* TableView03UITests */ = {
			isa = PBXGroup;
			children = (
				99B96ED51C2A29810050A93D /* TableView03UITests.m */,
				99B96ED71C2A29810050A93D /* Info.plist */,
			);
			path = TableView03UITests;
			sourceTree = "<group>";
		};
/* End PBXGroup section */

/* Begin PBXNativeTarget section */
		99B96EAC1C2A29810050A93D /* TableView03 */ = {
			isa = PBXNativeTarget;
			buildConfigurationList = 99B96EDA1C2A29810050A93D /* Build configuration list for PBXNativeTarget "TableView03" */;
			buildPhases = (
				99B96EA91C2A29810050A93D /* Sources */,
				99B96EAA1C2A29810050A93D /* Frameworks */,
				99B96EAB1C2A29810050A93D /* Resources */,
			);
			buildRules = (
			);
			dependencies = (
			);
			name = TableView03;
			productName = TableView03;
			productReference = 99B96EAD1C2A29810050A93D /* TableView03.app */;
			productType = "com.apple.product-type.application";
		};
		99B96EC51C2A29810050A93D /* TableView03Tests */ = {
			isa = PBXNativeTarget;
			buildConfigurationList = 99B96EDD1C2A29810050A93D /* Build configuration list for PBXNativeTarget "TableView03Tests" */;
			buildPhases = (
				99B96EC21C2A29810050A93D /* Sources */,
				99B96EC31C2A29810050A93D /* Frameworks */,
				99B96EC41C2A29810050A93D /* Resources */,
			);
			buildRules = (
			);
			dependencies = (
				99B96EC81C2A29810050A93D /* PBXTargetDependency */,
			);
			name = TableView03Tests;
			productName = TableView03Tests;
			productReference = 99B96EC61C2A29810050A93D /* TableView03Tests.xctest */;
			productType = "com.apple.product-type.bundle.unit-test";
		};
		99B96ED01C2A29810050A93D /* TableView03UITests */ = {
			isa = PBXNativeTarget;
			buildConfigurationList = 99B96EE01C2A29810050A93D /* Build configuration list for PBXNativeTarget "TableView03UITests" */;
			buildPhases = (
				99B96ECD1C2A29810050A93D /* Sources */,
				99B96ECE1C2A29810050A93D /* Frameworks */,
				99B96ECF1C2A29810050A93D /* Resources */,
			);
			buildRules = (
			);
			dependencies = (
				99B96ED31C2A29810050A93D /* PBXTargetDependency */,
			);
			name = TableView03UITests;
			productName = TableView03UITests;
			productReference = 99B96ED11C2A29810050A93D /* TableView03UITests.xctest */;
			productType = "com.apple.product-type.bundle.ui-testing";
		};
/* End PBXNativeTarget section */

/* Begin PBXProject section */
		99B96EA51C2A29810050A93D /* Project object */ = {
			isa = PBXProject;
			attributes = {
				LastUpgradeCheck = 0710;
				ORGANIZATIONNAME = yumiao;
				TargetAttributes = {
					99B96EAC1C2A29810050A93D = {
						CreatedOnToolsVersion = 7.1.1;
						DevelopmentTeam = 7YA2RT98G7;
					};
					99B96EC51C2A29810050A93D = {
						CreatedOnToolsVersion = 7.1.1;
						DevelopmentTeam = 7YA2RT98G7;
						TestTargetID = 99B96EAC1C2A29810050A93D;
					};
					99B96ED01C2A29810050A93D = {
						CreatedOnToolsVersion = 7.1.1;
						DevelopmentTeam = 7YA2RT98G7;
						TestTargetID = 99B96EAC1C2A29810050A93D;
					};
				};
			};
			buildConfigurationList = 99B96EA81C2A29810050A93D /* Build configuration list for PBXProject "TableView03" */;
			compatibilityVersion = "Xcode 3.2";
			developmentRegion = English;
			hasScannedForEncodings = 0;
			knownRegions = (
				en,
				Base,
			);
			mainGroup = 99B96EA41C2A29810050A93D;
			productRefGroup = 99B96EAE1C2A29810050A93D /* Products */;
			projectDirPath = "";
			projectRoot = "";
			targets = (
				99B96EAC1C2A29810050A93D /* TableView03 */,
				99B96EC51C2A29810050A93D /* TableView03Tests */,
				99B96ED01C2A29810050A93D /* TableView03UITests */,
			);
		};
/* End PBXProject section */

/* Begin PBXResourcesBuildPhase section */
		99B96EAB1C2A29810050A93D /* Resources */ = {
			isa = PBXResourcesBuildPhase;
			buildActionMask = 2147483647;
			files = (
				99B96EE61C2A2ECD0050A93D /* 3.jpg in Resources */,
				99B96EC01C2A29810050A93D /* LaunchScreen.storyboard in Resources */,
				99B96EBD1C2A29810050A93D /* Assets.xcassets in Resources */,
				99B96EE41C2A2DFF0050A93D /* 2.jpg in Resources */,
				99B96EBB1C2A29810050A93D /* Main.storyboard in Resources */,
			);
			runOnlyForDeploymentPostprocessing = 0;
		};
		99B96EC41C2A29810050A93D /* Resources */ = {
			isa = PBXResourcesBuildPhase;
			buildActionMask = 2147483647;
			files = (
			);
			runOnlyForDeploymentPostprocessing = 0;
		};
		99B96ECF1C2A29810050A93D /* Resources */ = {
			isa = PBXResourcesBuildPhase;
			buildActionMask = 2147483647;
			files = (
			);
			runOnlyForDeploymentPostprocessing = 0;
		};
/* End PBXResourcesBuildPhase section */

/* Begin PBXSourcesBuildPhase section */
		99B96EA91C2A29810050A93D /* Sources */ = {
			isa = PBXSourcesBuildPhase;
			buildActionMask = 2147483647;
			files = (
				99B96EB81C2A29810050A93D /* ViewController.m in Sources */,
				99B96EB51C2A29810050A93D /* AppDelegate.m in Sources */,
				99B96EB21C2A29810050A93D /* main.m in Sources */,
			);
			runOnlyForDeploymentPostprocessing = 0;
		};
		99B96EC21C2A29810050A93D /* Sources */ = {
			isa = PBXSourcesBuildPhase;
			buildActionMask = 2147483647;
			files = (
				99B96ECB1C2A29810050A93D /* TableView03Tests.m in Sources */,
			);
			runOnlyForDeploymentPostprocessing = 0;
		};
		99B96ECD1C2A29810050A93D /* Sources */ = {
			isa = PBXSourcesBuildPhase;
			buildActionMask = 2147483647;
			files = (
				99B96ED61C2A29810050A93D /* TableView03UITests.m in Sources */,
			);
			runOnlyForDeploymentPostprocessing = 0;
		};
/* End PBXSourcesBuildPhase section */

/* Begin PBXTargetDependency section */
		99B96EC81C2A29810050A93D /* PBXTargetDependency */ = {
			isa = PBXTargetDependency;
			target = 99B96EAC1C2A29810050A93D /* TableView03 */;
			targetProxy = 99B96EC71C2A29810050A93D /* PBXContainerItemProxy */;
		};
		99B96ED31C2A29810050A93D /* PBXTargetDependency */ = {
			isa = PBXTargetDependency;
			target = 99B96EAC1C2A29810050A93D /* TableView03 */;
			targetProxy = 99B96ED21C2A29810050A93D /* PBXContainerItemProxy */;
		};
/* End PBXTargetDependency section */

/* Begin PBXVariantGroup section */
		99B96EB91C2A29810050A93D /* Main.storyboard */ = {
			isa = PBXVariantGroup;
			children = (
				99B96EBA1C2A29810050A93D /* Base */,
			);
			name = Main.storyboard;
			sourceTree = "<group>";
		};
		99B96EBE1C2A29810050A93D /* LaunchScreen.storyboard */ = {
			isa = PBXVariantGroup;
			children = (
				99B96EBF1C2A29810050A93D /* Base */,
			);
			name = LaunchScreen.storyboard;
			sourceTree = "<group>";
		};
/* End PBXVariantGroup section */

/* Begin XCBuildConfiguration section */
		99B96ED81C2A29810050A93D /* Debug */ = {
			isa = XCBuildConfiguration;
			buildSettings = {
				ALWAYS_SEARCH_USER_PATHS = NO;
				CLANG_CXX_LANGUAGE_STANDARD = "gnu++0x";
				CLANG_CXX_LIBRARY = "libc++";
				CLANG_ENABLE_MODULES = YES;
				CLANG_ENABLE_OBJC_ARC = YES;
				CLANG_WARN_BOOL_CONVERSION = YES;
				CLANG_WARN_CONSTANT_CONVERSION = YES;
				CLANG_WARN_DIRECT_OBJC_ISA_USAGE = YES_ERROR;
				CLANG_WARN_EMPTY_BODY = YES;
				CLANG_WARN_ENUM_CONVERSION = YES;
				CLANG_WARN_INT_CONVERSION = YES;
				CLANG_WARN_OBJC_ROOT_CLASS = YES_ERROR;
				CLANG_WARN_UNREACHABLE_CODE = YES;
				CLANG_WARN__DUPLICATE_METHOD_MATCH = YES;
				"CODE_SIGN_IDENTITY[sdk=iphoneos*]" = "iPhone Developer";
				COPY_PHASE_STRIP = NO;
				DEBUG_INFORMATION_FORMAT = dwarf;
				ENABLE_STRICT_OBJC_MSGSEND = YES;
				ENABLE_TESTABILITY = YES;
				GCC_C_LANGUAGE_STANDARD = gnu99;
				GCC_DYNAMIC_NO_PIC = NO;
				GCC_NO_COMMON_BLOCKS = YES;
				GCC_OPTIMIZATION_LEVEL = 0;
				GCC_PREPROCESSOR_DEFINITIONS = (
					"DEBUG=1",
					"$(inherited)",
				);
				GCC_WARN_64_TO_32_BIT_CONVERSION = YES;
				GCC_WARN_ABOUT_RETURN_TYPE = YES_ERROR;
				GCC_WARN_UNDECLARED_SELECTOR = YES;
				GCC_WARN_UNINITIALIZED_AUTOS = YES_AGGRESSIVE;
				GCC_WARN_UNUSED_FUNCTION = YES;
				GCC_WARN_UNUSED_VARIABLE = YES;
				IPHONEOS_DEPLOYMENT_TARGET = 9.1;
				MTL_ENABLE_DEBUG_INFO = YES;
				ONLY_ACTIVE_ARCH = YES;
				SDKROOT = iphoneos;
			};
			name = Debug;
		};
		99B96ED91C2A29810050A93D /* Release */ = {
			isa = XCBuildConfiguration;
			buildSettings = {
				ALWAYS_SEARCH_USER_PATHS = NO;
				CLANG_CXX_LANGUAGE_STANDARD = "gnu++0x";
				CLANG_CXX_LIBRARY = "libc++";
				CLANG_ENABLE_MODULES = YES;
				CLANG_ENABLE_OBJC_ARC = YES;
				CLANG_WARN_BOOL_CONVERSION = YES;
				CLANG_WARN_CONSTANT_CONVERSION = YES;
				CLANG_WARN_DIRECT_OBJC_ISA_USAGE = YES_ERROR;
				CLANG_WARN_EMPTY_BODY = YES;
				CLANG_WARN_ENUM_CONVERSION = YES;
				CLANG_WARN_INT_CONVERSION = YES;
				CLANG_WARN_OBJC_ROOT_CLASS = YES_ERROR;
				CLANG_WARN_UNREACHABLE_CODE = YES;
				CLANG_WARN__DUPLICATE_METHOD_MATCH = YES;
				"CODE_SIGN_IDENTITY[sdk=iphoneos*]" = "iPhone Developer";
				COPY_PHASE_STRIP = NO;
				DEBUG_INFORMATION_FORMAT = "dwarf-with-dsym";
				ENABLE_NS_ASSERTIONS = NO;
				ENABLE_STRICT_OBJC_MSGSEND = YES;
				GCC_C_LANGUAGE_STANDARD = gnu99;
				GCC_NO_COMMON_BLOCKS = YES;
				GCC_WARN_64_TO_32_BIT_CONVERSION = YES;
				GCC_WARN_ABOUT_RETURN_TYPE = YES_ERROR;
				GCC_WARN_UNDECLARED_SELECTOR = YES;
				GCC_WARN_UNINITIALIZED_AUTOS = YES_AGGRESSIVE;
				GCC_WARN_UNUSED_FUNCTION = YES;
				GCC_WARN_UNUSED_VARIABLE = YES;
				IPHONEOS_DEPLOYMENT_TARGET = 9.1;
				MTL_ENABLE_DEBUG_INFO = NO;
				SDKROOT = iphoneos;
				VALIDATE_PRODUCT = YES;
			};
			name = Release;
		};
		99B96EDB1C2A29810050A93D /* Debug */ = {
			isa = XCBuildConfiguration;
			buildSettings = {
				ASSETCATALOG_COMPILER_APPICON_NAME = AppIcon;
				INFOPLIST_FILE = TableView03/Info.plist;
				LD_RUNPATH_SEARCH_PATHS = "$(inherited) @executable_path/Frameworks";
				PRODUCT_BUNDLE_IDENTIFIER = huizhi.com.TableView03;
				PRODUCT_NAME = "$(TARGET_NAME)";
			};
			name = Debug;
		};
		99B96EDC1C2A29810050A93D /* Release */ = {
			isa = XCBuildConfiguration;
			buildSettings = {
				ASSETCATALOG_COMPILER_APPICON_NAME = AppIcon;
				INFOPLIST_FILE = TableView03/Info.plist;
				LD_RUNPATH_SEARCH_PATHS = "$(inherited) @executable_path/Frameworks";
				PRODUCT_BUNDLE_IDENTIFIER = huizhi.com.TableView03;
				PRODUCT_NAME = "$(TARGET_NAME)";
			};
			name = Release;
		};
		99B96EDE1C2A29810050A93D /* Debug */ = {
			isa = XCBuildConfiguration;
			buildSettings = {
				BUNDLE_LOADER = "$(TEST_HOST)";
				INFOPLIST_FILE = TableView03Tests/Info.plist;
				LD_RUNPATH_SEARCH_PATHS = "$(inherited) @executable_path/Frameworks @loader_path/Frameworks";
				PRODUCT_BUNDLE_IDENTIFIER = huizhi.com.TableView03Tests;
				PRODUCT_NAME = "$(TARGET_NAME)";
				TEST_HOST = "$(BUILT_PRODUCTS_DIR)/TableView03.app/TableView03";
			};
			name = Debug;
		};
		99B96EDF1C2A29810050A93D /* Release */ = {
			isa = XCBuildConfiguration;
			buildSettings = {
				BUNDLE_LOADER = "$(TEST_HOST)";
				INFOPLIST_FILE = TableView03Tests/Info.plist;
				LD_RUNPATH_SEARCH_PATHS = "$(inherited) @executable_path/Frameworks @loader_path/Frameworks";
				PRODUCT_BUNDLE_IDENTIFIER = huizhi.com.TableView03Tests;
				PRODUCT_NAME = "$(TARGET_NAME)";
				TEST_HOST = "$(BUILT_PRODUCTS_DIR)/TableView03.app/TableView03";
			};
			name = Release;
		};
		99B96EE11C2A29810050A93D /* Debug */ = {
			isa = XCBuildConfiguration;
			buildSettings = {
				INFOPLIST_FILE = TableView03UITests/Info.plist;
				LD_RUNPATH_SEARCH_PATHS = "$(inherited) @executable_path/Frameworks @loader_path/Frameworks";
				PRODUCT_BUNDLE_IDENTIFIER = huizhi.com.TableView03UITests;
				PRODUCT_NAME = "$(TARGET_NAME)";
				TEST_TARGET_NAME = TableView03;
				USES_XCTRUNNER = YES;
			};
			name = Debug;
		};
		99B96EE21C2A29810050A93D /* Release */ = {
			isa = XCBuildConfiguration;
			buildSettings = {
				INFOPLIST_FILE = TableView03UITests/Info.plist;
				LD_RUNPATH_SEARCH_PATHS = "$(inherited) @executable_path/Frameworks @loader_path/Frameworks";
				PRODUCT_BUNDLE_IDENTIFIER = huizhi.com.TableView03UITests;
				PRODUCT_NAME = "$(TARGET_NAME)";
				TEST_TARGET_NAME = TableView03;
				USES_XCTRUNNER = YES;
			};
			name = Release;
		};
/* End XCBuildConfiguration section */

/* Begin XCConfigurationList section */
		99B96EA81C2A29810050A93D /* Build configuration list for PBXProject "TableView03" */ = {
			isa = XCConfigurationList;
			buildConfigurations = (
				99B96ED81C2A29810050A93D /* Debug */,
				99B96ED91C2A29810050A93D /* Release */,
			);
			defaultConfigurationIsVisible = 0;
			defaultConfigurationName = Release;
		};
		99B96EDA1C2A29810050A93D /* Build configuration list for PBXNativeTarget "TableView03" */ = {
			isa = XCConfigurationList;
			buildConfigurations = (
				99B96EDB1C2A29810050A93D /* Debug */,
				99B96EDC1C2A29810050A93D /* Release */,
			);
			defaultConfigurationIsVisible = 0;
		};
		99B96EDD1C2A29810050A93D /* Build configuration list for PBXNativeTarget "TableView03Tests" */ = {
			isa = XCConfigurationList;
			buildConfigurations = (
				99B96EDE1C2A29810050A93D /* Debug */,
				99B96EDF1C2A29810050A93D /* Release */,
			);
			defaultConfigurationIsVisible = 0;
		};
		99B96EE01C2A29810050A93D /* Build configuration list for PBXNativeTarget "TableView03UITests" */ = {
			isa = XCConfigurationList;
			buildConfigurations = (
				99B96EE11C2A29810050A93D /* Debug */,
				99B96EE21C2A29810050A93D /* Release */,
			);
			defaultConfigurationIsVisible = 0;
		};
/* End XCConfigurationList section */
	};
	rootObject = 99B96EA51C2A29810050A93D /* Project object */;
}
